// !$*UTF8*$!
{
	archiveVersion = 1;
	classes = {
	};
	objectVersion = 46;
	objects = {

/* Begin PBXBuildFile section */
		3864BF801DBFE3F3002707CA /* AppDelegate.swift in Sources */ = {isa = PBXBuildFile; fileRef = 3864BF7F1DBFE3F3002707CA /* AppDelegate.swift */; };
		3864BF851DBFE3F3002707CA /* Main.storyboard in Resources */ = {isa = PBXBuildFile; fileRef = 3864BF831DBFE3F3002707CA /* Main.storyboard */; };
		3864BF871DBFE3F3002707CA /* Assets.xcassets in Resources */ = {isa = PBXBuildFile; fileRef = 3864BF861DBFE3F3002707CA /* Assets.xcassets */; };
		3864BF8A1DBFE3F3002707CA /* LaunchScreen.storyboard in Resources */ = {isa = PBXBuildFile; fileRef = 3864BF881DBFE3F3002707CA /* LaunchScreen.storyboard */; };
		3864BF921DBFE5CE002707CA /* Card.swift in Sources */ = {isa = PBXBuildFile; fileRef = 3864BF911DBFE5CE002707CA /* Card.swift */; };
		3864BF941DBFE60C002707CA /* PlayingCard.swift in Sources */ = {isa = PBXBuildFile; fileRef = 3864BF931DBFE60C002707CA /* PlayingCard.swift */; };
		38982F841DC27DBE0066E9A9 /* CardGameController.swift in Sources */ = {isa = PBXBuildFile; fileRef = 38982F831DC27DBE0066E9A9 /* CardGameController.swift */; };
/* End PBXBuildFile section */

/* Begin PBXFileReference section */
		3864BF7C1DBFE3F3002707CA /* CardGame.app */ = {isa = PBXFileReference; explicitFileType = wrapper.application; includeInIndex = 0; path = CardGame.app; sourceTree = BUILT_PRODUCTS_DIR; };
		3864BF7F1DBFE3F3002707CA /* AppDelegate.swift */ = {isa = PBXFileReference; lastKnownFileType = sourcecode.swift; path = AppDelegate.swift; sourceTree = "<group>"; };
		3864BF841DBFE3F3002707CA /* Base */ = {isa = PBXFileReference; lastKnownFileType = file.storyboard; name = Base; path = Base.lproj/Main.storyboard; sourceTree = "<group>"; };
		3864BF861DBFE3F3002707CA /* Assets.xcassets */ = {isa = PBXFileReference; lastKnownFileType = folder.assetcatalog; path = Assets.xcassets; sourceTree = "<group>"; };
		3864BF891DBFE3F3002707CA /* Base */ = {isa = PBXFileReference; lastKnownFileType = file.storyboard; name = Base; path = Base.lproj/LaunchScreen.storyboard; sourceTree = "<group>"; };
		3864BF8B1DBFE3F3002707CA /* Info.plist */ = {isa = PBXFileReference; lastKnownFileType = text.plist.xml; path = Info.plist; sourceTree = "<group>"; };
		3864BF911DBFE5CE002707CA /* Card.swift */ = {isa = PBXFileReference; fileEncoding = 4; lastKnownFileType = sourcecode.swift; name = Card.swift; path = Model/Card.swift; sourceTree = "<group>"; };
		3864BF931DBFE60C002707CA /* PlayingCard.swift */ = {isa = PBXFileReference; fileEncoding = 4; lastKnownFileType = sourcecode.swift; name = PlayingCard.swift; path = Model/PlayingCard.swift; sourceTree = "<group>"; };
		38982F831DC27DBE0066E9A9 /* CardGameController.swift */ = {isa = PBXFileReference; fileEncoding = 4; lastKnownFileType = sourcecode.swift; name = CardGameController.swift; path = Controller/CardGameController.swift; sourceTree = "<group>"; };
/* End PBXFileReference section */

/* Begin PBXFrameworksBuildPhase section */
		3864BF791DBFE3F3002707CA /* Frameworks */ = {
			isa = PBXFrameworksBuildPhase;
			buildActionMask = 2147483647;
			files = (
			);
			runOnlyForDeploymentPostprocessing = 0;
		};
/* End PBXFrameworksBuildPhase section */

/* Begin PBXGroup section */
		3864BF731DBFE3F3002707CA = {
			isa = PBXGroup;
			children = (
				3864BF7E1DBFE3F3002707CA /* CardGame */,
				3864BF7D1DBFE3F3002707CA /* Products */,
				3864BF961DBFE6A0002707CA /* View */,
				3864BF951DBFE664002707CA /* Model */,
			);
			sourceTree = "<group>";
		};
		3864BF7D1DBFE3F3002707CA /* Products */ = {
			isa = PBXGroup;
			children = (
				3864BF7C1DBFE3F3002707CA /* CardGame.app */,
			);
			name = Products;
			sourceTree = "<group>";
		};
		3864BF7E1DBFE3F3002707CA /* CardGame */ = {
			isa = PBXGroup;
			children = (
				3864BF7F1DBFE3F3002707CA /* AppDelegate.swift */,
				3864BF8B1DBFE3F3002707CA /* Info.plist */,
				38982F851DC27E0C0066E9A9 /* Controller */,
			);
			path = CardGame;
			sourceTree = "<group>";
		};
		3864BF951DBFE664002707CA /* Model */ = {
			isa = PBXGroup;
			children = (
				3864BF911DBFE5CE002707CA /* Card.swift */,
				3864BF931DBFE60C002707CA /* PlayingCard.swift */,
			);
			name = Model;
			path = CardGame;
			sourceTree = "<group>";
		};
		3864BF961DBFE6A0002707CA /* View */ = {
			isa = PBXGroup;
			children = (
				3864BF861DBFE3F3002707CA /* Assets.xcassets */,
				3864BF831DBFE3F3002707CA /* Main.storyboard */,
				3864BF881DBFE3F3002707CA /* LaunchScreen.storyboard */,
			);
			name = View;
			path = CardGame;
			sourceTree = "<group>";
		};
		38982F851DC27E0C0066E9A9 /* Controller */ = {
			isa = PBXGroup;
			children = (
				38982F831DC27DBE0066E9A9 /* CardGameController.swift */,
			);
			name = Controller;
			sourceTree = "<group>";
		};
/* End PBXGroup section */

/* Begin PBXNativeTarget section */
		3864BF7B1DBFE3F3002707CA /* CardGame */ = {
			isa = PBXNativeTarget;
			buildConfigurationList = 3864BF8E1DBFE3F3002707CA /* Build configuration list for PBXNativeTarget "CardGame" */;
			buildPhases = (
				3864BF781DBFE3F3002707CA /* Sources */,
				3864BF791DBFE3F3002707CA /* Frameworks */,
				3864BF7A1DBFE3F3002707CA /* Resources */,
			);
			buildRules = (
			);
			dependencies = (
			);
			name = CardGame;
			productName = CardGame;
			productReference = 3864BF7C1DBFE3F3002707CA /* CardGame.app */;
			productType = "com.apple.product-type.application";
		};
/* End PBXNativeTarget section */

/* Begin PBXProject section */
		3864BF741DBFE3F3002707CA /* Project object */ = {
			isa = PBXProject;
			attributes = {
				LastSwiftUpdateCheck = 0720;
				LastUpgradeCheck = 0720;
				ORGANIZATIONNAME = "Whitehead, Zachary";
				TargetAttributes = {
					3864BF7B1DBFE3F3002707CA = {
						CreatedOnToolsVersion = 7.2;
					};
				};
			};
			buildConfigurationList = 3864BF771DBFE3F3002707CA /* Build configuration list for PBXProject "CardGame" */;
			compatibilityVersion = "Xcode 3.2";
			developmentRegion = English;
			hasScannedForEncodings = 0;
			knownRegions = (
				en,
				Base,
			);
			mainGroup = 3864BF731DBFE3F3002707CA;
			productRefGroup = 3864BF7D1DBFE3F3002707CA /* Products */;
			projectDirPath = "";
			projectRoot = "";
			targets = (
				3864BF7B1DBFE3F3002707CA /* CardGame */,
			);
		};
/* End PBXProject section */

/* Begin PBXResourcesBuildPhase section */
		3864BF7A1DBFE3F3002707CA /* Resources */ = {
			isa = PBXResourcesBuildPhase;
			buildActionMask = 2147483647;
			files = (
				3864BF8A1DBFE3F3002707CA /* LaunchScreen.storyboard in Resources */,
				3864BF871DBFE3F3002707CA /* Assets.xcassets in Resources */,
				3864BF851DBFE3F3002707CA /* Main.storyboard in Resources */,
			);
			runOnlyForDeploymentPostprocessing = 0;
		};
/* End PBXResourcesBuildPhase section */

/* Begin PBXSourcesBuildPhase section */
		3864BF781DBFE3F3002707CA /* Sources */ = {
			isa = PBXSourcesBuildPhase;
			buildActionMask = 2147483647;
			files = (
				3864BF921DBFE5CE002707CA /* Card.swift in Sources */,
				3864BF941DBFE60C002707CA /* PlayingCard.swift in Sources */,
				3864BF801DBFE3F3002707CA /* AppDelegate.swift in Sources */,
				38982F841DC27DBE0066E9A9 /* CardGameController.swift in Sources */,
			);
			runOnlyForDeploymentPostprocessing = 0;
		};
/* End PBXSourcesBuildPhase section */

/* Begin PBXVariantGroup section */
		3864BF831DBFE3F3002707CA /* Main.storyboard */ = {
			isa = PBXVariantGroup;
			children = (
				3864BF841DBFE3F3002707CA /* Base */,
			);
			name = Main.storyboard;
			sourceTree = "<group>";
		};
		3864BF881DBFE3F3002707CA /* LaunchScreen.storyboard */ = {
			isa = PBXVariantGroup;
			children = (
				3864BF891DBFE3F3002707CA /* Base */,
			);
			name = LaunchScreen.storyboard;
			sourceTree = "<group>";
		};
/* End PBXVariantGroup section */

/* Begin XCBuildConfiguration section */
		3864BF8C1DBFE3F3002707CA /* Debug */ = {
			isa = XCBuildConfiguration;
			buildSettings = {
				ALWAYS_SEARCH_USER_PATHS = NO;
				CLANG_CXX_LANGUAGE_STANDARD = "gnu++0x";
				CLANG_CXX_LIBRARY = "libc++";
				CLANG_ENABLE_MODULES = YES;
				CLANG_ENABLE_OBJC_ARC = YES;
				CLANG_WARN_BOOL_CONVERSION = YES;
				CLANG_WARN_CONSTANT_CONVERSION = YES;
				CLANG_WARN_DIRECT_OBJC_ISA_USAGE = YES_ERROR;
				CLANG_WARN_EMPTY_BODY = YES;
				CLANG_WARN_ENUM_CONVERSION = YES;
				CLANG_WARN_INT_CONVERSION = YES;
				CLANG_WARN_OBJC_ROOT_CLASS = YES_ERROR;
				CLANG_WARN_UNREACHABLE_CODE = YES;
				CLANG_WARN__DUPLICATE_METHOD_MATCH = YES;
				"CODE_SIGN_IDENTITY[sdk=iphoneos*]" = "iPhone Developer";
				COPY_PHASE_STRIP = NO;
				DEBUG_INFORMATION_FORMAT = dwarf;
				ENABLE_STRICT_OBJC_MSGSEND = YES;
				ENABLE_TESTABILITY = YES;
				GCC_C_LANGUAGE_STANDARD = gnu99;
				GCC_DYNAMIC_NO_PIC = NO;
				GCC_NO_COMMON_BLOCKS = YES;
				GCC_OPTIMIZATION_LEVEL = 0;
				GCC_PREPROCESSOR_DEFINITIONS = (
					"DEBUG=1",
					"$(inherited)",
				);
				GCC_WARN_64_TO_32_BIT_CONVERSION = YES;
				GCC_WARN_ABOUT_RETURN_TYPE = YES_ERROR;
				GCC_WARN_UNDECLARED_SELECTOR = YES;
				GCC_WARN_UNINITIALIZED_AUTOS = YES_AGGRESSIVE;
				GCC_WARN_UNUSED_FUNCTION = YES;
				GCC_WARN_UNUSED_VARIABLE = YES;
				IPHONEOS_DEPLOYMENT_TARGET = 9.2;
				MTL_ENABLE_DEBUG_INFO = YES;
				ONLY_ACTIVE_ARCH = YES;
				SDKROOT = iphoneos;
				SWIFT_OPTIMIZATION_LEVEL = "-Onone";
				TARGETED_DEVICE_FAMILY = "1,2";
			};
			name = Debug;
		};
		3864BF8D1DBFE3F3002707CA /* Release */ = {
			isa = XCBuildConfiguration;
			buildSettings = {
				ALWAYS_SEARCH_USER_PATHS = NO;
				CLANG_CXX_LANGUAGE_STANDARD = "gnu++0x";
				CLANG_CXX_LIBRARY = "libc++";
				CLANG_ENABLE_MODULES = YES;
				CLANG_ENABLE_OBJC_ARC = YES;
				CLANG_WARN_BOOL_CONVERSION = YES;
				CLANG_WARN_CONSTANT_CONVERSION = YES;
				CLANG_WARN_DIRECT_OBJC_ISA_USAGE = YES_ERROR;
				CLANG_WARN_EMPTY_BODY = YES;
				CLANG_WARN_ENUM_CONVERSION = YES;
				CLANG_WARN_INT_CONVERSION = YES;
				CLANG_WARN_OBJC_ROOT_CLASS = YES_ERROR;
				CLANG_WARN_UNREACHABLE_CODE = YES;
				CLANG_WARN__DUPLICATE_METHOD_MATCH = YES;
				"CODE_SIGN_IDENTITY[sdk=iphoneos*]" = "iPhone Developer";
				COPY_PHASE_STRIP = NO;
				DEBUG_INFORMATION_FORMAT = "dwarf-with-dsym";
				ENABLE_NS_ASSERTIONS = NO;
				ENABLE_STRICT_OBJC_MSGSEND = YES;
				GCC_C_LANGUAGE_STANDARD = gnu99;
				GCC_NO_COMMON_BLOCKS = YES;
				GCC_WARN_64_TO_32_BIT_CONVERSION = YES;
				GCC_WARN_ABOUT_RETURN_TYPE = YES_ERROR;
				GCC_WARN_UNDECLARED_SELECTOR = YES;
				GCC_WARN_UNINITIALIZED_AUTOS = YES_AGGRESSIVE;
				GCC_WARN_UNUSED_FUNCTION = YES;
				GCC_WARN_UNUSED_VARIABLE = YES;
				IPHONEOS_DEPLOYMENT_TARGET = 9.2;
				MTL_ENABLE_DEBUG_INFO = NO;
				SDKROOT = iphoneos;
				TARGETED_DEVICE_FAMILY = "1,2";
				VALIDATE_PRODUCT = YES;
			};
			name = Release;
		};
		3864BF8F1DBFE3F3002707CA /* Debug */ = {
			isa = XCBuildConfiguration;
			buildSettings = {
				ASSETCATALOG_COMPILER_APPICON_NAME = AppIcon;
				INFOPLIST_FILE = CardGame/Info.plist;
				LD_RUNPATH_SEARCH_PATHS = "$(inherited) @executable_path/Frameworks";
				PRODUCT_BUNDLE_IDENTIFIER = "Whitehead--Zachary.CardGame";
				PRODUCT_NAME = "$(TARGET_NAME)";
			};
			name = Debug;
		};
		3864BF901DBFE3F3002707CA /* Release */ = {
			isa = XCBuildConfiguration;
			buildSettings = {
				ASSETCATALOG_COMPILER_APPICON_NAME = AppIcon;
				INFOPLIST_FILE = CardGame/Info.plist;
				LD_RUNPATH_SEARCH_PATHS = "$(inherited) @executable_path/Frameworks";
				PRODUCT_BUNDLE_IDENTIFIER = "Whitehead--Zachary.CardGame";
				PRODUCT_NAME = "$(TARGET_NAME)";
			};
			name = Release;
		};
/* End XCBuildConfiguration section */

/* Begin XCConfigurationList section */
		3864BF771DBFE3F3002707CA /* Build configuration list for PBXProject "CardGame" */ = {
			isa = XCConfigurationList;
			buildConfigurations = (
				3864BF8C1DBFE3F3002707CA /* Debug */,
				3864BF8D1DBFE3F3002707CA /* Release */,
			);
			defaultConfigurationIsVisible = 0;
			defaultConfigurationName = Release;
		};
		3864BF8E1DBFE3F3002707CA /* Build configuration list for PBXNativeTarget "CardGame" */ = {
			isa = XCConfigurationList;
			buildConfigurations = (
				3864BF8F1DBFE3F3002707CA /* Debug */,
				3864BF901DBFE3F3002707CA /* Release */,
			);
			defaultConfigurationIsVisible = 0;
			defaultConfigurationName = Release;
		};
/* End XCConfigurationList section */
	};
	rootObject = 3864BF741DBFE3F3002707CA /* Project object */;
}
